
Microsoft Visual Studio Solution File, Format Version 12.00
# Visual Studio Version 17
VisualStudioVersion = 17.6.33723.286
MinimumVisualStudioVersion = 10.0.40219.1
Project("{FAE04EC0-301F-11D3-BF4B-00C04F79EFBC}") = "Student.Service", "Student.Service\Student.Service.csproj", "{E37928CB-8495-427F-B7EC-758C6DEB78D3}"
EndProject
Global
	GlobalSection(SolutionConfigurationPlatforms) = preSolution
		Debug|Any CPU = Debug|Any CPU
		Release|Any CPU = Release|Any CPU
	EndGlobalSection
	GlobalSection(ProjectConfigurationPlatforms) = postSolution
		{E37928CB-8495-427F-B7EC-758C6DEB78D3}.Debug|Any CPU.ActiveCfg = Debug|Any CPU
		{E37928CB-8495-427F-B7EC-758C6DEB78D3}.Debug|Any CPU.Build.0 = Debug|Any CPU
		{E37928CB-8495-427F-B7EC-758C6DEB78D3}.Release|Any CPU.ActiveCfg = Release|Any CPU
		{E37928CB-8495-427F-B7EC-758C6DEB78D3}.Release|Any CPU.Build.0 = Release|Any CPU
	EndGlobalSection
	GlobalSection(SolutionProperties) = preSolution
		HideSolutionNode = FALSE
	EndGlobalSection
	GlobalSection(ExtensibilityGlobals) = postSolution
		SolutionGuid = {7483C564-4481-45EF-ACCA-6DC832E5B16D}
	EndGlobalSection
EndGlobal
